
Microsoft Visual Studio Solution File, Format Version 12.00
# Visual Studio Version 16
VisualStudioVersion = 16.0.32602.291
MinimumVisualStudioVersion = 10.0.40219.1
Project("{FAE04EC0-301F-11D3-BF4B-00C04F79EFBC}") = "StatisticArray", "StatisticArray\StatisticArray.csproj", "{7F288E57-DAFF-4889-9CBA-56B8045EAE04}"
EndProject
Global
	GlobalSection(SolutionConfigurationPlatforms) = preSolution
		Debug|Any CPU = Debug|Any CPU
		Release|Any CPU = Release|Any CPU
	EndGlobalSection
	GlobalSection(ProjectConfigurationPlatforms) = postSolution
		{7F288E57-DAFF-4889-9CBA-56B8045EAE04}.Debug|Any CPU.ActiveCfg = Debug|Any CPU
		{7F288E57-DAFF-4889-9CBA-56B8045EAE04}.Debug|Any CPU.Build.0 = Debug|Any CPU
		{7F288E57-DAFF-4889-9CBA-56B8045EAE04}.Release|Any CPU.ActiveCfg = Release|Any CPU
		{7F288E57-DAFF-4889-9CBA-56B8045EAE04}.Release|Any CPU.Build.0 = Release|Any CPU
	EndGlobalSection
	GlobalSection(SolutionProperties) = preSolution
		HideSolutionNode = FALSE
	EndGlobalSection
	GlobalSection(ExtensibilityGlobals) = postSolution
		SolutionGuid = {0D9D6649-10A7-4912-BA03-82FD28927082}
	EndGlobalSection
EndGlobal
